{
  "name": "ashtanga-image-generator",
  "version": "1.0.0",
  "lockfileVersion": 3,
  "requires": true,
  "packages": {
    "": {
      "name": "ashtanga-image-generator",
      "version": "1.0.0",
      "dependencies": {
        "replicate": "alpha"
      }
    },
    "node_modules/replicate": {
      "version": "2.0.0-alpha.70",
      "resolved": "https://registry.npmjs.org/replicate/-/replicate-2.0.0-alpha.70.tgz",
      "integrity": "sha512-w8Y/KKKPk/zpSTsJNEtbVn0j7dWLTT1lijr6RnNOT4wVZxYwwKs/Xf9RuFoQlCIG2sDrxVOaGKAQBllr6sCJ9Q==",
      "license": "Apache-2.0"
    }
  }
}
